
Microsoft Visual Studio Solution File, Format Version 12.00
# Visual Studio Version 16
VisualStudioVersion = 16.0.32002.261
MinimumVisualStudioVersion = 10.0.40219.1
Project("{FAE04EC0-301F-11D3-BF4B-00C04F79EFBC}") = "AdwancedCS", "AdwancedCS\AdwancedCS.csproj", "{F68249E7-CEFC-4C66-861B-0412BDE7ED9A}"
EndProject
Global
	GlobalSection(SolutionConfigurationPlatforms) = preSolution
		Debug|Any CPU = Debug|Any CPU
		Release|Any CPU = Release|Any CPU
	EndGlobalSection
	GlobalSection(ProjectConfigurationPlatforms) = postSolution
		{F68249E7-CEFC-4C66-861B-0412BDE7ED9A}.Debug|Any CPU.ActiveCfg = Debug|Any CPU
		{F68249E7-CEFC-4C66-861B-0412BDE7ED9A}.Debug|Any CPU.Build.0 = Debug|Any CPU
		{F68249E7-CEFC-4C66-861B-0412BDE7ED9A}.Release|Any CPU.ActiveCfg = Release|Any CPU
		{F68249E7-CEFC-4C66-861B-0412BDE7ED9A}.Release|Any CPU.Build.0 = Release|Any CPU
	EndGlobalSection
	GlobalSection(SolutionProperties) = preSolution
		HideSolutionNode = FALSE
	EndGlobalSection
	GlobalSection(ExtensibilityGlobals) = postSolution
		SolutionGuid = {168EB9FD-4C21-4E6D-895A-B3BD7C52FF48}
	EndGlobalSection
EndGlobal
